
Microsoft Visual Studio Solution File, Format Version 12.00
# Visual Studio Version 16
VisualStudioVersion = 16.0.29905.134
MinimumVisualStudioVersion = 10.0.40219.1
Project("{FAE04EC0-301F-11D3-BF4B-00C04F79EFBC}") = "LAB06-BuildZoo", "LAB06-BuildZoon\LAB06-BuildZoo.csproj", "{B21C095B-11E4-426E-9AFF-1595C0D804A2}"
EndProject
Global
	GlobalSection(SolutionConfigurationPlatforms) = preSolution
		Debug|Any CPU = Debug|Any CPU
		Release|Any CPU = Release|Any CPU
	EndGlobalSection
	GlobalSection(ProjectConfigurationPlatforms) = postSolution
		{B21C095B-11E4-426E-9AFF-1595C0D804A2}.Debug|Any CPU.ActiveCfg = Debug|Any CPU
		{B21C095B-11E4-426E-9AFF-1595C0D804A2}.Debug|Any CPU.Build.0 = Debug|Any CPU
		{B21C095B-11E4-426E-9AFF-1595C0D804A2}.Release|Any CPU.ActiveCfg = Release|Any CPU
		{B21C095B-11E4-426E-9AFF-1595C0D804A2}.Release|Any CPU.Build.0 = Release|Any CPU
	EndGlobalSection
	GlobalSection(SolutionProperties) = preSolution
		HideSolutionNode = FALSE
	EndGlobalSection
	GlobalSection(ExtensibilityGlobals) = postSolution
		SolutionGuid = {3766CE6C-AFA3-4F2E-93F7-78CB16C6AAB1}
	EndGlobalSection
EndGlobal
